
Microsoft Visual Studio Solution File, Format Version 12.00
# Visual Studio Version 17
VisualStudioVersion = 17.14.36202.13
MinimumVisualStudioVersion = 10.0.40219.1
Project("{FAE04EC0-301F-11D3-BF4B-00C04F79EFBC}") = "EETDotNetTraningBatch2.ConsoleApp", "EETDotNetTraningBatch2.ConsoleApp\EETDotNetTraningBatch2.ConsoleApp.csproj", "{9B9FCF69-9D05-40E9-94FD-CBB33F8545AB}"
EndProject
Project("{FAE04EC0-301F-11D3-BF4B-00C04F79EFBC}") = "EETDotNetTraningBatch2.Database", "EETDotNetTraningBatch2.Database\EETDotNetTraningBatch2.Database.csproj", "{62E0574C-5EE6-4FC1-B4BE-F9E931F82029}"
EndProject
Project("{FAE04EC0-301F-11D3-BF4B-00C04F79EFBC}") = "EETDotNetTraningBatch2.POS", "EETDotNetTraningBatch2.POS\EETDotNetTraningBatch2.POS.csproj", "{ED740A0F-49D7-439C-915E-72D65E8FA9F5}"
EndProject
Global
	GlobalSection(SolutionConfigurationPlatforms) = preSolution
		Debug|Any CPU = Debug|Any CPU
		Release|Any CPU = Release|Any CPU
	EndGlobalSection
	GlobalSection(ProjectConfigurationPlatforms) = postSolution
		{9B9FCF69-9D05-40E9-94FD-CBB33F8545AB}.Debug|Any CPU.ActiveCfg = Debug|Any CPU
		{9B9FCF69-9D05-40E9-94FD-CBB33F8545AB}.Debug|Any CPU.Build.0 = Debug|Any CPU
		{9B9FCF69-9D05-40E9-94FD-CBB33F8545AB}.Release|Any CPU.ActiveCfg = Release|Any CPU
		{9B9FCF69-9D05-40E9-94FD-CBB33F8545AB}.Release|Any CPU.Build.0 = Release|Any CPU
		{62E0574C-5EE6-4FC1-B4BE-F9E931F82029}.Debug|Any CPU.ActiveCfg = Debug|Any CPU
		{62E0574C-5EE6-4FC1-B4BE-F9E931F82029}.Debug|Any CPU.Build.0 = Debug|Any CPU
		{62E0574C-5EE6-4FC1-B4BE-F9E931F82029}.Release|Any CPU.ActiveCfg = Release|Any CPU
		{62E0574C-5EE6-4FC1-B4BE-F9E931F82029}.Release|Any CPU.Build.0 = Release|Any CPU
		{ED740A0F-49D7-439C-915E-72D65E8FA9F5}.Debug|Any CPU.ActiveCfg = Debug|Any CPU
		{ED740A0F-49D7-439C-915E-72D65E8FA9F5}.Debug|Any CPU.Build.0 = Debug|Any CPU
		{ED740A0F-49D7-439C-915E-72D65E8FA9F5}.Release|Any CPU.ActiveCfg = Release|Any CPU
		{ED740A0F-49D7-439C-915E-72D65E8FA9F5}.Release|Any CPU.Build.0 = Release|Any CPU
	EndGlobalSection
	GlobalSection(SolutionProperties) = preSolution
		HideSolutionNode = FALSE
	EndGlobalSection
	GlobalSection(ExtensibilityGlobals) = postSolution
		SolutionGuid = {8DA6ACE1-F826-4215-80F3-505023D7666C}
	EndGlobalSection
EndGlobal
